// !$*UTF8*$!
{
	archiveVersion = 1;
	classes = {
	};
	objectVersion = 50;
	objects = {

/* Begin PBXBuildFile section */
		02B5AC69255B6018006F1386 /* Busca.storyboard in Resources */ = {isa = PBXBuildFile; fileRef = 02B5AC68255B6018006F1386 /* Busca.storyboard */; };
		02B5AC6E255B61FC006F1386 /* Busca.swift in Sources */ = {isa = PBXBuildFile; fileRef = 02B5AC6D255B61FC006F1386 /* Busca.swift */; };
		02E93C6A2541D99500E47726 /* AppDelegate.swift in Sources */ = {isa = PBXBuildFile; fileRef = 02E93C692541D99500E47726 /* AppDelegate.swift */; };
		02E93C6C2541D99500E47726 /* SceneDelegate.swift in Sources */ = {isa = PBXBuildFile; fileRef = 02E93C6B2541D99500E47726 /* SceneDelegate.swift */; };
		02E93C6E2541D99500E47726 /* ViewController.swift in Sources */ = {isa = PBXBuildFile; fileRef = 02E93C6D2541D99500E47726 /* ViewController.swift */; };
		02E93C712541D99500E47726 /* Main.storyboard in Resources */ = {isa = PBXBuildFile; fileRef = 02E93C6F2541D99500E47726 /* Main.storyboard */; };
		02E93C742541D99500E47726 /* Larn.xcdatamodeld in Sources */ = {isa = PBXBuildFile; fileRef = 02E93C722541D99500E47726 /* Larn.xcdatamodeld */; };
		02E93C762541D99700E47726 /* Assets.xcassets in Resources */ = {isa = PBXBuildFile; fileRef = 02E93C752541D99700E47726 /* Assets.xcassets */; };
		02E93C792541D99700E47726 /* LaunchScreen.storyboard in Resources */ = {isa = PBXBuildFile; fileRef = 02E93C772541D99700E47726 /* LaunchScreen.storyboard */; };
		02E93C842541D99700E47726 /* LarnTests.swift in Sources */ = {isa = PBXBuildFile; fileRef = 02E93C832541D99700E47726 /* LarnTests.swift */; };
		02E93C8F2541D99700E47726 /* LarnUITests.swift in Sources */ = {isa = PBXBuildFile; fileRef = 02E93C8E2541D99700E47726 /* LarnUITests.swift */; };
		02EDE33B2552C4AD0010C721 /* Login.storyboard in Resources */ = {isa = PBXBuildFile; fileRef = 02EDE33A2552C4AD0010C721 /* Login.storyboard */; };
		02EDE3412552C4CC0010C721 /* Login.swift in Sources */ = {isa = PBXBuildFile; fileRef = 02EDE3402552C4CC0010C721 /* Login.swift */; };
		02FC7E972548E4A600040D77 /* Cadastro.swift in Sources */ = {isa = PBXBuildFile; fileRef = 02FC7E962548E4A600040D77 /* Cadastro.swift */; };
		02FC7E9F2548E4B700040D77 /* Cadastro.storyboard in Resources */ = {isa = PBXBuildFile; fileRef = 02FC7E9E2548E4B700040D77 /* Cadastro.storyboard */; };
		89357F06255884A50058BE03 /* Mock Bundle.swift in Sources */ = {isa = PBXBuildFile; fileRef = 89357F05255884A50058BE03 /* Mock Bundle.swift */; };
		89357F0B255885360058BE03 /* mockAulas.json in Resources */ = {isa = PBXBuildFile; fileRef = 89357F0A255885360058BE03 /* mockAulas.json */; };
		89357F1425588A4D0058BE03 /* FeaturedCell.swift in Sources */ = {isa = PBXBuildFile; fileRef = 89357F1325588A4D0058BE03 /* FeaturedCell.swift */; };
		89357F1925588AD90058BE03 /* SelfConfiguringCell.swift in Sources */ = {isa = PBXBuildFile; fileRef = 89357F1825588AD90058BE03 /* SelfConfiguringCell.swift */; };
		89357F1E255890110058BE03 /* MediumTableCell.swift in Sources */ = {isa = PBXBuildFile; fileRef = 89357F1D255890110058BE03 /* MediumTableCell.swift */; };
		89357F232558AE090058BE03 /* SectionHeader.swift in Sources */ = {isa = PBXBuildFile; fileRef = 89357F222558AE090058BE03 /* SectionHeader.swift */; };
		89357F282558B5200058BE03 /* SmallTableCell.swift in Sources */ = {isa = PBXBuildFile; fileRef = 89357F272558B5200058BE03 /* SmallTableCell.swift */; };
		896BEADE255AD8FC00D265C5 /* AlunoMeusCursosViewController.swift in Sources */ = {isa = PBXBuildFile; fileRef = 896BEADD255AD8FC00D265C5 /* AlunoMeusCursosViewController.swift */; };
		896BEAE6255ADEF200D265C5 /* AlunoTableViewCell.swift in Sources */ = {isa = PBXBuildFile; fileRef = 896BEAE5255ADEF200D265C5 /* AlunoTableViewCell.swift */; };
		896BEB06255AF58400D265C5 /* Materia+CoreDataClass.swift in Sources */ = {isa = PBXBuildFile; fileRef = 896BEB04255AF58400D265C5 /* Materia+CoreDataClass.swift */; };
		896BEB07255AF58400D265C5 /* Materia+CoreDataProperties.swift in Sources */ = {isa = PBXBuildFile; fileRef = 896BEB05255AF58400D265C5 /* Materia+CoreDataProperties.swift */; };
		896BEB13255B6C2800D265C5 /* Aula+CoreDataClass.swift in Sources */ = {isa = PBXBuildFile; fileRef = 896BEB11255B6C2800D265C5 /* Aula+CoreDataClass.swift */; };
		896BEB14255B6C2800D265C5 /* Aula+CoreDataProperties.swift in Sources */ = {isa = PBXBuildFile; fileRef = 896BEB12255B6C2800D265C5 /* Aula+CoreDataProperties.swift */; };
		89876CC0255D6CFD00989FED /* Sessao.swift in Sources */ = {isa = PBXBuildFile; fileRef = 89876CBF255D6CFC00989FED /* Sessao.swift */; };
		89BFF0D225542D5D00AE627F /* CustomTableViewCell.swift in Sources */ = {isa = PBXBuildFile; fileRef = 89BFF0CF25542D5C00AE627F /* CustomTableViewCell.swift */; };
		89BFF0D425542D5D00AE627F /* StarRating.swift in Sources */ = {isa = PBXBuildFile; fileRef = 89BFF0D125542D5D00AE627F /* StarRating.swift */; };
		89BFF0DB25542D9E00AE627F /* Professor.storyboard in Resources */ = {isa = PBXBuildFile; fileRef = 89BFF0DA25542D9E00AE627F /* Professor.storyboard */; };
		89BFF0E025542DAB00AE627F /* ProfessorHomeViewController.swift in Sources */ = {isa = PBXBuildFile; fileRef = 89BFF0DF25542DAB00AE627F /* ProfessorHomeViewController.swift */; };
		89BFF0E625542DC800AE627F /* RegisterClassViewController.swift in Sources */ = {isa = PBXBuildFile; fileRef = 89BFF0E525542DC800AE627F /* RegisterClassViewController.swift */; };
		89BFF0F625542E2800AE627F /* ReloadDelegate.swift in Sources */ = {isa = PBXBuildFile; fileRef = 89BFF0F525542E2800AE627F /* ReloadDelegate.swift */; };
		89BFF12325543C9500AE627F /* Aluno.storyboard in Resources */ = {isa = PBXBuildFile; fileRef = 89BFF12225543C9500AE627F /* Aluno.storyboard */; };
		89BFF1282554467C00AE627F /* AlunoHomeViewController.swift in Sources */ = {isa = PBXBuildFile; fileRef = 89BFF1272554467C00AE627F /* AlunoHomeViewController.swift */; };
		89FDDCC52566A434000A3F15 /* Compra.storyboard in Resources */ = {isa = PBXBuildFile; fileRef = 89FDDCC42566A434000A3F15 /* Compra.storyboard */; };
		89FDDCD02566B348000A3F15 /* CompraViewController.swift in Sources */ = {isa = PBXBuildFile; fileRef = 89FDDCCF2566B348000A3F15 /* CompraViewController.swift */; };
/* End PBXBuildFile section */

/* Begin PBXContainerItemProxy section */
		02E93C802541D99700E47726 /* PBXContainerItemProxy */ = {
			isa = PBXContainerItemProxy;
			containerPortal = 02E93C5E2541D99500E47726 /* Project object */;
			proxyType = 1;
			remoteGlobalIDString = 02E93C652541D99500E47726;
			remoteInfo = Larn;
		};
		02E93C8B2541D99700E47726 /* PBXContainerItemProxy */ = {
			isa = PBXContainerItemProxy;
			containerPortal = 02E93C5E2541D99500E47726 /* Project object */;
			proxyType = 1;
			remoteGlobalIDString = 02E93C652541D99500E47726;
			remoteInfo = Larn;
		};
/* End PBXContainerItemProxy section */

/* Begin PBXFileReference section */
		02B5AC68255B6018006F1386 /* Busca.storyboard */ = {isa = PBXFileReference; lastKnownFileType = file.storyboard; path = Busca.storyboard; sourceTree = "<group>"; };
		02B5AC6D255B61FC006F1386 /* Busca.swift */ = {isa = PBXFileReference; lastKnownFileType = sourcecode.swift; path = Busca.swift; sourceTree = "<group>"; };
		02E93C662541D99500E47726 /* Larn.app */ = {isa = PBXFileReference; explicitFileType = wrapper.application; includeInIndex = 0; path = Larn.app; sourceTree = BUILT_PRODUCTS_DIR; };
		02E93C692541D99500E47726 /* AppDelegate.swift */ = {isa = PBXFileReference; lastKnownFileType = sourcecode.swift; path = AppDelegate.swift; sourceTree = "<group>"; };
		02E93C6B2541D99500E47726 /* SceneDelegate.swift */ = {isa = PBXFileReference; lastKnownFileType = sourcecode.swift; path = SceneDelegate.swift; sourceTree = "<group>"; };
		02E93C6D2541D99500E47726 /* ViewController.swift */ = {isa = PBXFileReference; lastKnownFileType = sourcecode.swift; path = ViewController.swift; sourceTree = "<group>"; };
		02E93C702541D99500E47726 /* Base */ = {isa = PBXFileReference; lastKnownFileType = file.storyboard; name = Base; path = Base.lproj/Main.storyboard; sourceTree = "<group>"; };
		02E93C732541D99500E47726 /* Larn.xcdatamodel */ = {isa = PBXFileReference; lastKnownFileType = wrapper.xcdatamodel; path = Larn.xcdatamodel; sourceTree = "<group>"; };
		02E93C752541D99700E47726 /* Assets.xcassets */ = {isa = PBXFileReference; lastKnownFileType = folder.assetcatalog; path = Assets.xcassets; sourceTree = "<group>"; };
		02E93C782541D99700E47726 /* Base */ = {isa = PBXFileReference; lastKnownFileType = file.storyboard; name = Base; path = Base.lproj/LaunchScreen.storyboard; sourceTree = "<group>"; };
		02E93C7A2541D99700E47726 /* Info.plist */ = {isa = PBXFileReference; lastKnownFileType = text.plist.xml; path = Info.plist; sourceTree = "<group>"; };
		02E93C7F2541D99700E47726 /* LarnTests.xctest */ = {isa = PBXFileReference; explicitFileType = wrapper.cfbundle; includeInIndex = 0; path = LarnTests.xctest; sourceTree = BUILT_PRODUCTS_DIR; };
		02E93C832541D99700E47726 /* LarnTests.swift */ = {isa = PBXFileReference; lastKnownFileType = sourcecode.swift; path = LarnTests.swift; sourceTree = "<group>"; };
		02E93C852541D99700E47726 /* Info.plist */ = {isa = PBXFileReference; lastKnownFileType = text.plist.xml; path = Info.plist; sourceTree = "<group>"; };
		02E93C8A2541D99700E47726 /* LarnUITests.xctest */ = {isa = PBXFileReference; explicitFileType = wrapper.cfbundle; includeInIndex = 0; path = LarnUITests.xctest; sourceTree = BUILT_PRODUCTS_DIR; };
		02E93C8E2541D99700E47726 /* LarnUITests.swift */ = {isa = PBXFileReference; lastKnownFileType = sourcecode.swift; path = LarnUITests.swift; sourceTree = "<group>"; };
		02E93C902541D99700E47726 /* Info.plist */ = {isa = PBXFileReference; lastKnownFileType = text.plist.xml; path = Info.plist; sourceTree = "<group>"; };
		02EDE33A2552C4AD0010C721 /* Login.storyboard */ = {isa = PBXFileReference; lastKnownFileType = file.storyboard; path = Login.storyboard; sourceTree = "<group>"; };
		02EDE3402552C4CC0010C721 /* Login.swift */ = {isa = PBXFileReference; lastKnownFileType = sourcecode.swift; path = Login.swift; sourceTree = "<group>"; };
		02FC7E962548E4A600040D77 /* Cadastro.swift */ = {isa = PBXFileReference; lastKnownFileType = sourcecode.swift; path = Cadastro.swift; sourceTree = "<group>"; };
		02FC7E9E2548E4B700040D77 /* Cadastro.storyboard */ = {isa = PBXFileReference; lastKnownFileType = file.storyboard; path = Cadastro.storyboard; sourceTree = "<group>"; };
		89357F05255884A50058BE03 /* Mock Bundle.swift */ = {isa = PBXFileReference; lastKnownFileType = sourcecode.swift; path = "Mock Bundle.swift"; sourceTree = "<group>"; };
		89357F0A255885360058BE03 /* mockAulas.json */ = {isa = PBXFileReference; lastKnownFileType = text.json; path = mockAulas.json; sourceTree = "<group>"; };
		89357F1325588A4D0058BE03 /* FeaturedCell.swift */ = {isa = PBXFileReference; lastKnownFileType = sourcecode.swift; path = FeaturedCell.swift; sourceTree = "<group>"; };
		89357F1825588AD90058BE03 /* SelfConfiguringCell.swift */ = {isa = PBXFileReference; lastKnownFileType = sourcecode.swift; path = SelfConfiguringCell.swift; sourceTree = "<group>"; };
		89357F1D255890110058BE03 /* MediumTableCell.swift */ = {isa = PBXFileReference; lastKnownFileType = sourcecode.swift; path = MediumTableCell.swift; sourceTree = "<group>"; };
		89357F222558AE090058BE03 /* SectionHeader.swift */ = {isa = PBXFileReference; lastKnownFileType = sourcecode.swift; path = SectionHeader.swift; sourceTree = "<group>"; };
		89357F272558B5200058BE03 /* SmallTableCell.swift */ = {isa = PBXFileReference; lastKnownFileType = sourcecode.swift; path = SmallTableCell.swift; sourceTree = "<group>"; };
		896BEADD255AD8FC00D265C5 /* AlunoMeusCursosViewController.swift */ = {isa = PBXFileReference; lastKnownFileType = sourcecode.swift; path = AlunoMeusCursosViewController.swift; sourceTree = "<group>"; };
		896BEAE5255ADEF200D265C5 /* AlunoTableViewCell.swift */ = {isa = PBXFileReference; lastKnownFileType = sourcecode.swift; path = AlunoTableViewCell.swift; sourceTree = "<group>"; };
		896BEB04255AF58400D265C5 /* Materia+CoreDataClass.swift */ = {isa = PBXFileReference; lastKnownFileType = sourcecode.swift; path = "Materia+CoreDataClass.swift"; sourceTree = "<group>"; };
		896BEB05255AF58400D265C5 /* Materia+CoreDataProperties.swift */ = {isa = PBXFileReference; lastKnownFileType = sourcecode.swift; path = "Materia+CoreDataProperties.swift"; sourceTree = "<group>"; };
		896BEB11255B6C2800D265C5 /* Aula+CoreDataClass.swift */ = {isa = PBXFileReference; lastKnownFileType = sourcecode.swift; path = "Aula+CoreDataClass.swift"; sourceTree = "<group>"; };
		896BEB12255B6C2800D265C5 /* Aula+CoreDataProperties.swift */ = {isa = PBXFileReference; lastKnownFileType = sourcecode.swift; path = "Aula+CoreDataProperties.swift"; sourceTree = "<group>"; };
		89876CBF255D6CFC00989FED /* Sessao.swift */ = {isa = PBXFileReference; lastKnownFileType = sourcecode.swift; path = Sessao.swift; sourceTree = "<group>"; };
		89BFF0CF25542D5C00AE627F /* CustomTableViewCell.swift */ = {isa = PBXFileReference; fileEncoding = 4; lastKnownFileType = sourcecode.swift; path = CustomTableViewCell.swift; sourceTree = "<group>"; };
		89BFF0D125542D5D00AE627F /* StarRating.swift */ = {isa = PBXFileReference; fileEncoding = 4; lastKnownFileType = sourcecode.swift; path = StarRating.swift; sourceTree = "<group>"; };
		89BFF0DA25542D9E00AE627F /* Professor.storyboard */ = {isa = PBXFileReference; fileEncoding = 4; lastKnownFileType = file.storyboard; path = Professor.storyboard; sourceTree = "<group>"; };
		89BFF0DF25542DAB00AE627F /* ProfessorHomeViewController.swift */ = {isa = PBXFileReference; fileEncoding = 4; lastKnownFileType = sourcecode.swift; path = ProfessorHomeViewController.swift; sourceTree = "<group>"; };
		89BFF0E525542DC800AE627F /* RegisterClassViewController.swift */ = {isa = PBXFileReference; fileEncoding = 4; lastKnownFileType = sourcecode.swift; path = RegisterClassViewController.swift; sourceTree = "<group>"; };
		89BFF0F525542E2800AE627F /* ReloadDelegate.swift */ = {isa = PBXFileReference; fileEncoding = 4; lastKnownFileType = sourcecode.swift; path = ReloadDelegate.swift; sourceTree = "<group>"; };
		89BFF12225543C9500AE627F /* Aluno.storyboard */ = {isa = PBXFileReference; lastKnownFileType = file.storyboard; path = Aluno.storyboard; sourceTree = "<group>"; };
		89BFF1272554467C00AE627F /* AlunoHomeViewController.swift */ = {isa = PBXFileReference; lastKnownFileType = sourcecode.swift; path = AlunoHomeViewController.swift; sourceTree = "<group>"; };
		89FDDCC42566A434000A3F15 /* Compra.storyboard */ = {isa = PBXFileReference; lastKnownFileType = file.storyboard; path = Compra.storyboard; sourceTree = "<group>"; };
		89FDDCCF2566B348000A3F15 /* CompraViewController.swift */ = {isa = PBXFileReference; lastKnownFileType = sourcecode.swift; path = CompraViewController.swift; sourceTree = "<group>"; };
/* End PBXFileReference section */

/* Begin PBXFrameworksBuildPhase section */
		02E93C632541D99500E47726 /* Frameworks */ = {
			isa = PBXFrameworksBuildPhase;
			buildActionMask = 2147483647;
			files = (
			);
			runOnlyForDeploymentPostprocessing = 0;
		};
		02E93C7C2541D99700E47726 /* Frameworks */ = {
			isa = PBXFrameworksBuildPhase;
			buildActionMask = 2147483647;
			files = (
			);
			runOnlyForDeploymentPostprocessing = 0;
		};
		02E93C872541D99700E47726 /* Frameworks */ = {
			isa = PBXFrameworksBuildPhase;
			buildActionMask = 2147483647;
			files = (
			);
			runOnlyForDeploymentPostprocessing = 0;
		};
/* End PBXFrameworksBuildPhase section */

/* Begin PBXGroup section */
		02B5AC67255B5FFF006F1386 /* Busca */ = {
			isa = PBXGroup;
			children = (
				02B5AC68255B6018006F1386 /* Busca.storyboard */,
				02B5AC6D255B61FC006F1386 /* Busca.swift */,
			);
			path = Busca;
			sourceTree = "<group>";
		};
		02E93C5D2541D99500E47726 = {
			isa = PBXGroup;
			children = (
				89BFF12125543AFE00AE627F /* Aluno */,
				89BFF0F525542E2800AE627F /* ReloadDelegate.swift */,
				02B5AC67255B5FFF006F1386 /* Busca */,
				89BFF0ED25542DE400AE627F /* Model */,
				89BFF0D825542D6900AE627F /* Professor */,
				89BFF0CE25542D2B00AE627F /* CustomViews */,
				02EDE3452552D21C0010C721 /* Cadastro */,
				02EDE3372552C41A0010C721 /* Login */,
				02E93C682541D99500E47726 /* Larn */,
				02E93C822541D99700E47726 /* LarnTests */,
				02E93C8D2541D99700E47726 /* LarnUITests */,
				02E93C672541D99500E47726 /* Products */,
			);
			sourceTree = "<group>";
		};
		02E93C672541D99500E47726 /* Products */ = {
			isa = PBXGroup;
			children = (
				02E93C662541D99500E47726 /* Larn.app */,
				02E93C7F2541D99700E47726 /* LarnTests.xctest */,
				02E93C8A2541D99700E47726 /* LarnUITests.xctest */,
			);
			name = Products;
			sourceTree = "<group>";
		};
		02E93C682541D99500E47726 /* Larn */ = {
			isa = PBXGroup;
			children = (
				89357F0A255885360058BE03 /* mockAulas.json */,
				02E93C692541D99500E47726 /* AppDelegate.swift */,
				02E93C6B2541D99500E47726 /* SceneDelegate.swift */,
				02E93C6D2541D99500E47726 /* ViewController.swift */,
				02E93C6F2541D99500E47726 /* Main.storyboard */,
				02E93C752541D99700E47726 /* Assets.xcassets */,
				02E93C772541D99700E47726 /* LaunchScreen.storyboard */,
				02E93C7A2541D99700E47726 /* Info.plist */,
				02E93C722541D99500E47726 /* Larn.xcdatamodeld */,
			);
			path = Larn;
			sourceTree = "<group>";
		};
		02E93C822541D99700E47726 /* LarnTests */ = {
			isa = PBXGroup;
			children = (
				02E93C832541D99700E47726 /* LarnTests.swift */,
				02E93C852541D99700E47726 /* Info.plist */,
			);
			path = LarnTests;
			sourceTree = "<group>";
		};
		02E93C8D2541D99700E47726 /* LarnUITests */ = {
			isa = PBXGroup;
			children = (
				02E93C8E2541D99700E47726 /* LarnUITests.swift */,
				02E93C902541D99700E47726 /* Info.plist */,
			);
			path = LarnUITests;
			sourceTree = "<group>";
		};
		02EDE3372552C41A0010C721 /* Login */ = {
			isa = PBXGroup;
			children = (
				02EDE33A2552C4AD0010C721 /* Login.storyboard */,
				02EDE3402552C4CC0010C721 /* Login.swift */,
				89876CBF255D6CFC00989FED /* Sessao.swift */,
			);
			path = Login;
			sourceTree = "<group>";
		};
		02EDE3452552D21C0010C721 /* Cadastro */ = {
			isa = PBXGroup;
			children = (
				02FC7E9E2548E4B700040D77 /* Cadastro.storyboard */,
				02FC7E962548E4A600040D77 /* Cadastro.swift */,
			);
			path = Cadastro;
			sourceTree = "<group>";
		};
		89357F12255889FE0058BE03 /* CollectionView */ = {
			isa = PBXGroup;
			children = (
				89357F1325588A4D0058BE03 /* FeaturedCell.swift */,
				89357F1825588AD90058BE03 /* SelfConfiguringCell.swift */,
				89357F1D255890110058BE03 /* MediumTableCell.swift */,
				89357F222558AE090058BE03 /* SectionHeader.swift */,
				89357F272558B5200058BE03 /* SmallTableCell.swift */,
			);
			path = CollectionView;
			sourceTree = "<group>";
		};
		89BFF0CE25542D2B00AE627F /* CustomViews */ = {
			isa = PBXGroup;
			children = (
				89BFF0CF25542D5C00AE627F /* CustomTableViewCell.swift */,
				89BFF0D125542D5D00AE627F /* StarRating.swift */,
				896BEAE5255ADEF200D265C5 /* AlunoTableViewCell.swift */,
			);
			path = CustomViews;
			sourceTree = "<group>";
		};
		89BFF0D825542D6900AE627F /* Professor */ = {
			isa = PBXGroup;
			children = (
				89BFF0DA25542D9E00AE627F /* Professor.storyboard */,
				89BFF0E425542DAF00AE627F /* CadastroAula */,
				89BFF0D925542D8D00AE627F /* Home */,
			);
			path = Professor;
			sourceTree = "<group>";
		};
		89BFF0D925542D8D00AE627F /* Home */ = {
			isa = PBXGroup;
			children = (
				89BFF0DF25542DAB00AE627F /* ProfessorHomeViewController.swift */,
			);
			path = Home;
			sourceTree = "<group>";
		};
		89BFF0E425542DAF00AE627F /* CadastroAula */ = {
			isa = PBXGroup;
			children = (
				89BFF0E525542DC800AE627F /* RegisterClassViewController.swift */,
			);
			path = CadastroAula;
			sourceTree = "<group>";
		};
		89BFF0ED25542DE400AE627F /* Model */ = {
			isa = PBXGroup;
			children = (
				896BEB11255B6C2800D265C5 /* Aula+CoreDataClass.swift */,
				896BEB12255B6C2800D265C5 /* Aula+CoreDataProperties.swift */,
				896BEB04255AF58400D265C5 /* Materia+CoreDataClass.swift */,
				896BEB05255AF58400D265C5 /* Materia+CoreDataProperties.swift */,
			);
			path = Model;
			sourceTree = "<group>";
		};
		89BFF12125543AFE00AE627F /* Aluno */ = {
			isa = PBXGroup;
			children = (
				89FDDCC32566A422000A3F15 /* Compra */,
				89357F12255889FE0058BE03 /* CollectionView */,
				89BFF12225543C9500AE627F /* Aluno.storyboard */,
				89BFF1272554467C00AE627F /* AlunoHomeViewController.swift */,
				89357F05255884A50058BE03 /* Mock Bundle.swift */,
				896BEADD255AD8FC00D265C5 /* AlunoMeusCursosViewController.swift */,
			);
			path = Aluno;
			sourceTree = "<group>";
		};
		89FDDCC32566A422000A3F15 /* Compra */ = {
			isa = PBXGroup;
			children = (
				89FDDCC42566A434000A3F15 /* Compra.storyboard */,
				89FDDCCF2566B348000A3F15 /* CompraViewController.swift */,
			);
			path = Compra;
			sourceTree = "<group>";
		};
/* End PBXGroup section */

/* Begin PBXNativeTarget section */
		02E93C652541D99500E47726 /* Larn */ = {
			isa = PBXNativeTarget;
			buildConfigurationList = 02E93C932541D99700E47726 /* Build configuration list for PBXNativeTarget "Larn" */;
			buildPhases = (
				02E93C622541D99500E47726 /* Sources */,
				02E93C632541D99500E47726 /* Frameworks */,
				02E93C642541D99500E47726 /* Resources */,
			);
			buildRules = (
			);
			dependencies = (
			);
			name = Larn;
			productName = Larn;
			productReference = 02E93C662541D99500E47726 /* Larn.app */;
			productType = "com.apple.product-type.application";
		};
		02E93C7E2541D99700E47726 /* LarnTests */ = {
			isa = PBXNativeTarget;
			buildConfigurationList = 02E93C962541D99700E47726 /* Build configuration list for PBXNativeTarget "LarnTests" */;
			buildPhases = (
				02E93C7B2541D99700E47726 /* Sources */,
				02E93C7C2541D99700E47726 /* Frameworks */,
				02E93C7D2541D99700E47726 /* Resources */,
			);
			buildRules = (
			);
			dependencies = (
				02E93C812541D99700E47726 /* PBXTargetDependency */,
			);
			name = LarnTests;
			productName = LarnTests;
			productReference = 02E93C7F2541D99700E47726 /* LarnTests.xctest */;
			productType = "com.apple.product-type.bundle.unit-test";
		};
		02E93C892541D99700E47726 /* LarnUITests */ = {
			isa = PBXNativeTarget;
			buildConfigurationList = 02E93C992541D99700E47726 /* Build configuration list for PBXNativeTarget "LarnUITests" */;
			buildPhases = (
				02E93C862541D99700E47726 /* Sources */,
				02E93C872541D99700E47726 /* Frameworks */,
				02E93C882541D99700E47726 /* Resources */,
			);
			buildRules = (
			);
			dependencies = (
				02E93C8C2541D99700E47726 /* PBXTargetDependency */,
			);
			name = LarnUITests;
			productName = LarnUITests;
			productReference = 02E93C8A2541D99700E47726 /* LarnUITests.xctest */;
			productType = "com.apple.product-type.bundle.ui-testing";
		};
/* End PBXNativeTarget section */

/* Begin PBXProject section */
		02E93C5E2541D99500E47726 /* Project object */ = {
			isa = PBXProject;
			attributes = {
				LastSwiftUpdateCheck = 1200;
				LastUpgradeCheck = 1200;
				TargetAttributes = {
					02E93C652541D99500E47726 = {
						CreatedOnToolsVersion = 12.0.1;
					};
					02E93C7E2541D99700E47726 = {
						CreatedOnToolsVersion = 12.0.1;
						TestTargetID = 02E93C652541D99500E47726;
					};
					02E93C892541D99700E47726 = {
						CreatedOnToolsVersion = 12.0.1;
						TestTargetID = 02E93C652541D99500E47726;
					};
				};
			};
			buildConfigurationList = 02E93C612541D99500E47726 /* Build configuration list for PBXProject "Larn" */;
			compatibilityVersion = "Xcode 9.3";
			developmentRegion = en;
			hasScannedForEncodings = 0;
			knownRegions = (
				en,
				Base,
			);
			mainGroup = 02E93C5D2541D99500E47726;
			productRefGroup = 02E93C672541D99500E47726 /* Products */;
			projectDirPath = "";
			projectRoot = "";
			targets = (
				02E93C652541D99500E47726 /* Larn */,
				02E93C7E2541D99700E47726 /* LarnTests */,
				02E93C892541D99700E47726 /* LarnUITests */,
			);
		};
/* End PBXProject section */

/* Begin PBXResourcesBuildPhase section */
		02E93C642541D99500E47726 /* Resources */ = {
			isa = PBXResourcesBuildPhase;
			buildActionMask = 2147483647;
			files = (
				02E93C792541D99700E47726 /* LaunchScreen.storyboard in Resources */,
				02E93C762541D99700E47726 /* Assets.xcassets in Resources */,
				89BFF0DB25542D9E00AE627F /* Professor.storyboard in Resources */,
				02E93C712541D99500E47726 /* Main.storyboard in Resources */,
				89FDDCC52566A434000A3F15 /* Compra.storyboard in Resources */,
				89BFF12325543C9500AE627F /* Aluno.storyboard in Resources */,
				02B5AC69255B6018006F1386 /* Busca.storyboard in Resources */,
				02EDE33B2552C4AD0010C721 /* Login.storyboard in Resources */,
				89357F0B255885360058BE03 /* mockAulas.json in Resources */,
				02FC7E9F2548E4B700040D77 /* Cadastro.storyboard in Resources */,
			);
			runOnlyForDeploymentPostprocessing = 0;
		};
		02E93C7D2541D99700E47726 /* Resources */ = {
			isa = PBXResourcesBuildPhase;
			buildActionMask = 2147483647;
			files = (
			);
			runOnlyForDeploymentPostprocessing = 0;
		};
		02E93C882541D99700E47726 /* Resources */ = {
			isa = PBXResourcesBuildPhase;
			buildActionMask = 2147483647;
			files = (
			);
			runOnlyForDeploymentPostprocessing = 0;
		};
/* End PBXResourcesBuildPhase section */

/* Begin PBXSourcesBuildPhase section */
		02E93C622541D99500E47726 /* Sources */ = {
			isa = PBXSourcesBuildPhase;
			buildActionMask = 2147483647;
			files = (
				896BEB06255AF58400D265C5 /* Materia+CoreDataClass.swift in Sources */,
				89357F06255884A50058BE03 /* Mock Bundle.swift in Sources */,
				02E93C6E2541D99500E47726 /* ViewController.swift in Sources */,
				02FC7E972548E4A600040D77 /* Cadastro.swift in Sources */,
				89BFF0D425542D5D00AE627F /* StarRating.swift in Sources */,
				02B5AC6E255B61FC006F1386 /* Busca.swift in Sources */,
				89BFF1282554467C00AE627F /* AlunoHomeViewController.swift in Sources */,
				02E93C6A2541D99500E47726 /* AppDelegate.swift in Sources */,
				89BFF0D225542D5D00AE627F /* CustomTableViewCell.swift in Sources */,
				89357F232558AE090058BE03 /* SectionHeader.swift in Sources */,
				89BFF0E625542DC800AE627F /* RegisterClassViewController.swift in Sources */,
				896BEB07255AF58400D265C5 /* Materia+CoreDataProperties.swift in Sources */,
				896BEB13255B6C2800D265C5 /* Aula+CoreDataClass.swift in Sources */,
				02EDE3412552C4CC0010C721 /* Login.swift in Sources */,
				89357F1E255890110058BE03 /* MediumTableCell.swift in Sources */,
				89FDDCD02566B348000A3F15 /* CompraViewController.swift in Sources */,
				89357F1925588AD90058BE03 /* SelfConfiguringCell.swift in Sources */,
				89357F282558B5200058BE03 /* SmallTableCell.swift in Sources */,
				02E93C742541D99500E47726 /* Larn.xcdatamodeld in Sources */,
				896BEADE255AD8FC00D265C5 /* AlunoMeusCursosViewController.swift in Sources */,
				02E93C6C2541D99500E47726 /* SceneDelegate.swift in Sources */,
				89357F1425588A4D0058BE03 /* FeaturedCell.swift in Sources */,
				896BEAE6255ADEF200D265C5 /* AlunoTableViewCell.swift in Sources */,
				89BFF0E025542DAB00AE627F /* ProfessorHomeViewController.swift in Sources */,
				89876CC0255D6CFD00989FED /* Sessao.swift in Sources */,
				896BEB14255B6C2800D265C5 /* Aula+CoreDataProperties.swift in Sources */,
				89BFF0F625542E2800AE627F /* ReloadDelegate.swift in Sources */,
			);
			runOnlyForDeploymentPostprocessing = 0;
		};
		02E93C7B2541D99700E47726 /* Sources */ = {
			isa = PBXSourcesBuildPhase;
			buildActionMask = 2147483647;
			files = (
				02E93C842541D99700E47726 /* LarnTests.swift in Sources */,
			);
			runOnlyForDeploymentPostprocessing = 0;
		};
		02E93C862541D99700E47726 /* Sources */ = {
			isa = PBXSourcesBuildPhase;
			buildActionMask = 2147483647;
			files = (
				02E93C8F2541D99700E47726 /* LarnUITests.swift in Sources */,
			);
			runOnlyForDeploymentPostprocessing = 0;
		};
/* End PBXSourcesBuildPhase section */

/* Begin PBXTargetDependency section */
		02E93C812541D99700E47726 /* PBXTargetDependency */ = {
			isa = PBXTargetDependency;
			target = 02E93C652541D99500E47726 /* Larn */;
			targetProxy = 02E93C802541D99700E47726 /* PBXContainerItemProxy */;
		};
		02E93C8C2541D99700E47726 /* PBXTargetDependency */ = {
			isa = PBXTargetDependency;
			target = 02E93C652541D99500E47726 /* Larn */;
			targetProxy = 02E93C8B2541D99700E47726 /* PBXContainerItemProxy */;
		};
/* End PBXTargetDependency section */

/* Begin PBXVariantGroup section */
		02E93C6F2541D99500E47726 /* Main.storyboard */ = {
			isa = PBXVariantGroup;
			children = (
				02E93C702541D99500E47726 /* Base */,
			);
			name = Main.storyboard;
			sourceTree = "<group>";
		};
		02E93C772541D99700E47726 /* LaunchScreen.storyboard */ = {
			isa = PBXVariantGroup;
			children = (
				02E93C782541D99700E47726 /* Base */,
			);
			name = LaunchScreen.storyboard;
			sourceTree = "<group>";
		};
/* End PBXVariantGroup section */

/* Begin XCBuildConfiguration section */
		02E93C912541D99700E47726 /* Debug */ = {
			isa = XCBuildConfiguration;
			buildSettings = {
				ALWAYS_SEARCH_USER_PATHS = NO;
				CLANG_ANALYZER_NONNULL = YES;
				CLANG_ANALYZER_NUMBER_OBJECT_CONVERSION = YES_AGGRESSIVE;
				CLANG_CXX_LANGUAGE_STANDARD = "gnu++14";
				CLANG_CXX_LIBRARY = "libc++";
				CLANG_ENABLE_MODULES = YES;
				CLANG_ENABLE_OBJC_ARC = YES;
				CLANG_ENABLE_OBJC_WEAK = YES;
				CLANG_WARN_BLOCK_CAPTURE_AUTORELEASING = YES;
				CLANG_WARN_BOOL_CONVERSION = YES;
				CLANG_WARN_COMMA = YES;
				CLANG_WARN_CONSTANT_CONVERSION = YES;
				CLANG_WARN_DEPRECATED_OBJC_IMPLEMENTATIONS = YES;
				CLANG_WARN_DIRECT_OBJC_ISA_USAGE = YES_ERROR;
				CLANG_WARN_DOCUMENTATION_COMMENTS = YES;
				CLANG_WARN_EMPTY_BODY = YES;
				CLANG_WARN_ENUM_CONVERSION = YES;
				CLANG_WARN_INFINITE_RECURSION = YES;
				CLANG_WARN_INT_CONVERSION = YES;
				CLANG_WARN_NON_LITERAL_NULL_CONVERSION = YES;
				CLANG_WARN_OBJC_IMPLICIT_RETAIN_SELF = YES;
				CLANG_WARN_OBJC_LITERAL_CONVERSION = YES;
				CLANG_WARN_OBJC_ROOT_CLASS = YES_ERROR;
				CLANG_WARN_QUOTED_INCLUDE_IN_FRAMEWORK_HEADER = YES;
				CLANG_WARN_RANGE_LOOP_ANALYSIS = YES;
				CLANG_WARN_STRICT_PROTOTYPES = YES;
				CLANG_WARN_SUSPICIOUS_MOVE = YES;
				CLANG_WARN_UNGUARDED_AVAILABILITY = YES_AGGRESSIVE;
				CLANG_WARN_UNREACHABLE_CODE = YES;
				CLANG_WARN__DUPLICATE_METHOD_MATCH = YES;
				COPY_PHASE_STRIP = NO;
				DEBUG_INFORMATION_FORMAT = dwarf;
				ENABLE_STRICT_OBJC_MSGSEND = YES;
				ENABLE_TESTABILITY = YES;
				GCC_C_LANGUAGE_STANDARD = gnu11;
				GCC_DYNAMIC_NO_PIC = NO;
				GCC_NO_COMMON_BLOCKS = YES;
				GCC_OPTIMIZATION_LEVEL = 0;
				GCC_PREPROCESSOR_DEFINITIONS = (
					"DEBUG=1",
					"$(inherited)",
				);
				GCC_WARN_64_TO_32_BIT_CONVERSION = YES;
				GCC_WARN_ABOUT_RETURN_TYPE = YES_ERROR;
				GCC_WARN_UNDECLARED_SELECTOR = YES;
				GCC_WARN_UNINITIALIZED_AUTOS = YES_AGGRESSIVE;
				GCC_WARN_UNUSED_FUNCTION = YES;
				GCC_WARN_UNUSED_VARIABLE = YES;
				IPHONEOS_DEPLOYMENT_TARGET = 14.0;
				MTL_ENABLE_DEBUG_INFO = INCLUDE_SOURCE;
				MTL_FAST_MATH = YES;
				ONLY_ACTIVE_ARCH = YES;
				SDKROOT = iphoneos;
				SWIFT_ACTIVE_COMPILATION_CONDITIONS = DEBUG;
				SWIFT_OPTIMIZATION_LEVEL = "-Onone";
			};
			name = Debug;
		};
		02E93C922541D99700E47726 /* Release */ = {
			isa = XCBuildConfiguration;
			buildSettings = {
				ALWAYS_SEARCH_USER_PATHS = NO;
				CLANG_ANALYZER_NONNULL = YES;
				CLANG_ANALYZER_NUMBER_OBJECT_CONVERSION = YES_AGGRESSIVE;
				CLANG_CXX_LANGUAGE_STANDARD = "gnu++14";
				CLANG_CXX_LIBRARY = "libc++";
				CLANG_ENABLE_MODULES = YES;
				CLANG_ENABLE_OBJC_ARC = YES;
				CLANG_ENABLE_OBJC_WEAK = YES;
				CLANG_WARN_BLOCK_CAPTURE_AUTORELEASING = YES;
				CLANG_WARN_BOOL_CONVERSION = YES;
				CLANG_WARN_COMMA = YES;
				CLANG_WARN_CONSTANT_CONVERSION = YES;
				CLANG_WARN_DEPRECATED_OBJC_IMPLEMENTATIONS = YES;
				CLANG_WARN_DIRECT_OBJC_ISA_USAGE = YES_ERROR;
				CLANG_WARN_DOCUMENTATION_COMMENTS = YES;
				CLANG_WARN_EMPTY_BODY = YES;
				CLANG_WARN_ENUM_CONVERSION = YES;
				CLANG_WARN_INFINITE_RECURSION = YES;
				CLANG_WARN_INT_CONVERSION = YES;
				CLANG_WARN_NON_LITERAL_NULL_CONVERSION = YES;
				CLANG_WARN_OBJC_IMPLICIT_RETAIN_SELF = YES;
				CLANG_WARN_OBJC_LITERAL_CONVERSION = YES;
				CLANG_WARN_OBJC_ROOT_CLASS = YES_ERROR;
				CLANG_WARN_QUOTED_INCLUDE_IN_FRAMEWORK_HEADER = YES;
				CLANG_WARN_RANGE_LOOP_ANALYSIS = YES;
				CLANG_WARN_STRICT_PROTOTYPES = YES;
				CLANG_WARN_SUSPICIOUS_MOVE = YES;
				CLANG_WARN_UNGUARDED_AVAILABILITY = YES_AGGRESSIVE;
				CLANG_WARN_UNREACHABLE_CODE = YES;
				CLANG_WARN__DUPLICATE_METHOD_MATCH = YES;
				COPY_PHASE_STRIP = NO;
				DEBUG_INFORMATION_FORMAT = "dwarf-with-dsym";
				ENABLE_NS_ASSERTIONS = NO;
				ENABLE_STRICT_OBJC_MSGSEND = YES;
				GCC_C_LANGUAGE_STANDARD = gnu11;
				GCC_NO_COMMON_BLOCKS = YES;
				GCC_WARN_64_TO_32_BIT_CONVERSION = YES;
				GCC_WARN_ABOUT_RETURN_TYPE = YES_ERROR;
				GCC_WARN_UNDECLARED_SELECTOR = YES;
				GCC_WARN_UNINITIALIZED_AUTOS = YES_AGGRESSIVE;
				GCC_WARN_UNUSED_FUNCTION = YES;
				GCC_WARN_UNUSED_VARIABLE = YES;
				IPHONEOS_DEPLOYMENT_TARGET = 14.0;
				MTL_ENABLE_DEBUG_INFO = NO;
				MTL_FAST_MATH = YES;
				SDKROOT = iphoneos;
				SWIFT_COMPILATION_MODE = wholemodule;
				SWIFT_OPTIMIZATION_LEVEL = "-O";
				VALIDATE_PRODUCT = YES;
			};
			name = Release;
		};
		02E93C942541D99700E47726 /* Debug */ = {
			isa = XCBuildConfiguration;
			buildSettings = {
				ASSETCATALOG_COMPILER_APPICON_NAME = AppIcon;
				ASSETCATALOG_COMPILER_GLOBAL_ACCENT_COLOR_NAME = AccentColor;
				CODE_SIGN_STYLE = Automatic;
				DEVELOPMENT_TEAM = 345TT87MMY;
				INFOPLIST_FILE = Larn/Info.plist;
				LD_RUNPATH_SEARCH_PATHS = (
					"$(inherited)",
					"@executable_path/Frameworks",
				);
				PRODUCT_BUNDLE_IDENTIFIER = PI4.Larn;
				PRODUCT_NAME = "$(TARGET_NAME)";
				SWIFT_VERSION = 5.0;
				TARGETED_DEVICE_FAMILY = "1,2";
			};
			name = Debug;
		};
		02E93C952541D99700E47726 /* Release */ = {
			isa = XCBuildConfiguration;
			buildSettings = {
				ASSETCATALOG_COMPILER_APPICON_NAME = AppIcon;
				ASSETCATALOG_COMPILER_GLOBAL_ACCENT_COLOR_NAME = AccentColor;
				CODE_SIGN_STYLE = Automatic;
				DEVELOPMENT_TEAM = 345TT87MMY;
				INFOPLIST_FILE = Larn/Info.plist;
				LD_RUNPATH_SEARCH_PATHS = (
					"$(inherited)",
					"@executable_path/Frameworks",
				);
				PRODUCT_BUNDLE_IDENTIFIER = PI4.Larn;
				PRODUCT_NAME = "$(TARGET_NAME)";
				SWIFT_VERSION = 5.0;
				TARGETED_DEVICE_FAMILY = "1,2";
			};
			name = Release;
		};
		02E93C972541D99700E47726 /* Debug */ = {
			isa = XCBuildConfiguration;
			buildSettings = {
				ALWAYS_EMBED_SWIFT_STANDARD_LIBRARIES = YES;
				BUNDLE_LOADER = "$(TEST_HOST)";
				CODE_SIGN_STYLE = Automatic;
				DEVELOPMENT_TEAM = UF373B4HU9;
				INFOPLIST_FILE = LarnTests/Info.plist;
				IPHONEOS_DEPLOYMENT_TARGET = 14.0;
				LD_RUNPATH_SEARCH_PATHS = (
					"$(inherited)",
					"@executable_path/Frameworks",
					"@loader_path/Frameworks",
				);
				PRODUCT_BUNDLE_IDENTIFIER = PI4.LarnTests;
				PRODUCT_NAME = "$(TARGET_NAME)";
				SWIFT_VERSION = 5.0;
				TARGETED_DEVICE_FAMILY = "1,2";
				TEST_HOST = "$(BUILT_PRODUCTS_DIR)/Larn.app/Larn";
			};
			name = Debug;
		};
		02E93C982541D99700E47726 /* Release */ = {
			isa = XCBuildConfiguration;
			buildSettings = {
				ALWAYS_EMBED_SWIFT_STANDARD_LIBRARIES = YES;
				BUNDLE_LOADER = "$(TEST_HOST)";
				CODE_SIGN_STYLE = Automatic;
				DEVELOPMENT_TEAM = UF373B4HU9;
				INFOPLIST_FILE = LarnTests/Info.plist;
				IPHONEOS_DEPLOYMENT_TARGET = 14.0;
				LD_RUNPATH_SEARCH_PATHS = (
					"$(inherited)",
					"@executable_path/Frameworks",
					"@loader_path/Frameworks",
				);
				PRODUCT_BUNDLE_IDENTIFIER = PI4.LarnTests;
				PRODUCT_NAME = "$(TARGET_NAME)";
				SWIFT_VERSION = 5.0;
				TARGETED_DEVICE_FAMILY = "1,2";
				TEST_HOST = "$(BUILT_PRODUCTS_DIR)/Larn.app/Larn";
			};
			name = Release;
		};
		02E93C9A2541D99700E47726 /* Debug */ = {
			isa = XCBuildConfiguration;
			buildSettings = {
				ALWAYS_EMBED_SWIFT_STANDARD_LIBRARIES = YES;
				CODE_SIGN_STYLE = Automatic;
				DEVELOPMENT_TEAM = UF373B4HU9;
				INFOPLIST_FILE = LarnUITests/Info.plist;
				LD_RUNPATH_SEARCH_PATHS = (
					"$(inherited)",
					"@executable_path/Frameworks",
					"@loader_path/Frameworks",
				);
				PRODUCT_BUNDLE_IDENTIFIER = PI4.LarnUITests;
				PRODUCT_NAME = "$(TARGET_NAME)";
				SWIFT_VERSION = 5.0;
				TARGETED_DEVICE_FAMILY = "1,2";
				TEST_TARGET_NAME = Larn;
			};
			name = Debug;
		};
		02E93C9B2541D99700E47726 /* Release */ = {
			isa = XCBuildConfiguration;
			buildSettings = {
				ALWAYS_EMBED_SWIFT_STANDARD_LIBRARIES = YES;
				CODE_SIGN_STYLE = Automatic;
				DEVELOPMENT_TEAM = UF373B4HU9;
				INFOPLIST_FILE = LarnUITests/Info.plist;
				LD_RUNPATH_SEARCH_PATHS = (
					"$(inherited)",
					"@executable_path/Frameworks",
					"@loader_path/Frameworks",
				);
				PRODUCT_BUNDLE_IDENTIFIER = PI4.LarnUITests;
				PRODUCT_NAME = "$(TARGET_NAME)";
				SWIFT_VERSION = 5.0;
				TARGETED_DEVICE_FAMILY = "1,2";
				TEST_TARGET_NAME = Larn;
			};
			name = Release;
		};
/* End XCBuildConfiguration section */

/* Begin XCConfigurationList section */
		02E93C612541D99500E47726 /* Build configuration list for PBXProject "Larn" */ = {
			isa = XCConfigurationList;
			buildConfigurations = (
				02E93C912541D99700E47726 /* Debug */,
				02E93C922541D99700E47726 /* Release */,
			);
			defaultConfigurationIsVisible = 0;
			defaultConfigurationName = Release;
		};
		02E93C932541D99700E47726 /* Build configuration list for PBXNativeTarget "Larn" */ = {
			isa = XCConfigurationList;
			buildConfigurations = (
				02E93C942541D99700E47726 /* Debug */,
				02E93C952541D99700E47726 /* Release */,
			);
			defaultConfigurationIsVisible = 0;
			defaultConfigurationName = Release;
		};
		02E93C962541D99700E47726 /* Build configuration list for PBXNativeTarget "LarnTests" */ = {
			isa = XCConfigurationList;
			buildConfigurations = (
				02E93C972541D99700E47726 /* Debug */,
				02E93C982541D99700E47726 /* Release */,
			);
			defaultConfigurationIsVisible = 0;
			defaultConfigurationName = Release;
		};
		02E93C992541D99700E47726 /* Build configuration list for PBXNativeTarget "LarnUITests" */ = {
			isa = XCConfigurationList;
			buildConfigurations = (
				02E93C9A2541D99700E47726 /* Debug */,
				02E93C9B2541D99700E47726 /* Release */,
			);
			defaultConfigurationIsVisible = 0;
			defaultConfigurationName = Release;
		};
/* End XCConfigurationList section */

/* Begin XCVersionGroup section */
		02E93C722541D99500E47726 /* Larn.xcdatamodeld */ = {
			isa = XCVersionGroup;
			children = (
				02E93C732541D99500E47726 /* Larn.xcdatamodel */,
			);
			currentVersion = 02E93C732541D99500E47726 /* Larn.xcdatamodel */;
			path = Larn.xcdatamodeld;
			sourceTree = "<group>";
			versionGroupType = wrapper.xcdatamodel;
		};
/* End XCVersionGroup section */
	};
	rootObject = 02E93C5E2541D99500E47726 /* Project object */;
}
